
Microsoft Visual Studio Solution File, Format Version 12.00
# Visual Studio Version 17
VisualStudioVersion = 17.8.34525.116
MinimumVisualStudioVersion = 10.0.40219.1
Project("{FAE04EC0-301F-11D3-BF4B-00C04F79EFBC}") = "MeetingApp", "MeetingApp\MeetingApp.csproj", "{0BC04C34-B270-4256-8679-D9AABD34BC82}"
EndProject
Global
	GlobalSection(SolutionConfigurationPlatforms) = preSolution
		Debug|Any CPU = Debug|Any CPU
		Release|Any CPU = Release|Any CPU
	EndGlobalSection
	GlobalSection(ProjectConfigurationPlatforms) = postSolution
		{0BC04C34-B270-4256-8679-D9AABD34BC82}.Debug|Any CPU.ActiveCfg = Debug|Any CPU
		{0BC04C34-B270-4256-8679-D9AABD34BC82}.Debug|Any CPU.Build.0 = Debug|Any CPU
		{0BC04C34-B270-4256-8679-D9AABD34BC82}.Release|Any CPU.ActiveCfg = Release|Any CPU
		{0BC04C34-B270-4256-8679-D9AABD34BC82}.Release|Any CPU.Build.0 = Release|Any CPU
	EndGlobalSection
	GlobalSection(SolutionProperties) = preSolution
		HideSolutionNode = FALSE
	EndGlobalSection
	GlobalSection(ExtensibilityGlobals) = postSolution
		SolutionGuid = {28F4EA68-266F-4E58-9823-CD112B3F265A}
	EndGlobalSection
EndGlobal
